// !$*UTF8*$!
{
	archiveVersion = 1;
	classes = {
	};
	objectVersion = 46;
	objects = {

/* Begin PBXBuildFile section */
		E1A74519183E027300040D89 /* hamster_48x48_3.png in Resources */ = {isa = PBXBuildFile; fileRef = E1A74510183E027300040D89 /* hamster_48x48_3.png */; };
		E1A7451A183E027300040D89 /* hamster_48x48_4.png in Resources */ = {isa = PBXBuildFile; fileRef = E1A74511183E027300040D89 /* hamster_48x48_4.png */; };
		E1A7451B183E027300040D89 /* items_.png in Resources */ = {isa = PBXBuildFile; fileRef = E1A74512183E027300040D89 /* items_.png */; };
		E1A7451D183E027300040D89 /* mario_rpg.png in Resources */ = {isa = PBXBuildFile; fileRef = E1A74514183E027300040D89 /* mario_rpg.png */; };
		E1A7451F183E027300040D89 /* splash.png in Resources */ = {isa = PBXBuildFile; fileRef = E1A74516183E027300040D89 /* splash.png */; };
		E1A74520183E027300040D89 /* vtulka_64x64.png in Resources */ = {isa = PBXBuildFile; fileRef = E1A74517183E027300040D89 /* vtulka_64x64.png */; };
		E1A74521183E027300040D89 /* zombie1.png in Resources */ = {isa = PBXBuildFile; fileRef = E1A74518183E027300040D89 /* zombie1.png */; };
		E1AD3D0D183D37EE00B8B6A8 /* Resource.m in Sources */ = {isa = PBXBuildFile; fileRef = E1AD3D0C183D37EE00B8B6A8 /* Resource.m */; };
		E1FA8FE0183CC9CE005C7D36 /* bomb_32x32_2.png in Resources */ = {isa = PBXBuildFile; fileRef = E1FA8FDF183CC9CE005C7D36 /* bomb_32x32_2.png */; };
		F107AA8E183BA6610000B911 /* Kernel.m in Sources */ = {isa = PBXBuildFile; fileRef = F107AA8D183BA6610000B911 /* Kernel.m */; };
		F107AA91183BADD20000B911 /* Control.m in Sources */ = {isa = PBXBuildFile; fileRef = F107AA90183BADD20000B911 /* Control.m */; };
		F107AA97183BB12A0000B911 /* Player.m in Sources */ = {isa = PBXBuildFile; fileRef = F107AA96183BB12A0000B911 /* Player.m */; };
		F107AA9A183BBED30000B911 /* Box.m in Sources */ = {isa = PBXBuildFile; fileRef = F107AA99183BBED30000B911 /* Box.m */; };
		F111FE4E183CC70E003A1AC7 /* Bomb.m in Sources */ = {isa = PBXBuildFile; fileRef = F111FE4B183CC70E003A1AC7 /* Bomb.m */; };
		F111FE4F183CC70E003A1AC7 /* MapData.m in Sources */ = {isa = PBXBuildFile; fileRef = F111FE4D183CC70E003A1AC7 /* MapData.m */; };
		F1FA94291836980A00324401 /* atlas5.png in Resources */ = {isa = PBXBuildFile; fileRef = F1FA94181836980900324401 /* atlas5.png */; };
		F1FA942A1836980A00324401 /* blast.png in Resources */ = {isa = PBXBuildFile; fileRef = F1FA94191836980900324401 /* blast.png */; };
		F1FA942C1836980A00324401 /* character_crawling.png in Resources */ = {isa = PBXBuildFile; fileRef = F1FA941B1836980A00324401 /* character_crawling.png */; };
		F1FA942D1836980A00324401 /* character_flying.png in Resources */ = {isa = PBXBuildFile; fileRef = F1FA941C1836980A00324401 /* character_flying.png */; };
		F1FA942E1836980A00324401 /* character_gold.png in Resources */ = {isa = PBXBuildFile; fileRef = F1FA941D1836980A00324401 /* character_gold.png */; };
		F1FA942F1836980A00324401 /* character_jetpack.png in Resources */ = {isa = PBXBuildFile; fileRef = F1FA941E1836980A00324401 /* character_jetpack.png */; };
		F1FA94301836980A00324401 /* character_silver.png in Resources */ = {isa = PBXBuildFile; fileRef = F1FA941F1836980A00324401 /* character_silver.png */; };
		F1FA94311836980A00324401 /* explosion.png in Resources */ = {isa = PBXBuildFile; fileRef = F1FA94201836980A00324401 /* explosion.png */; };
		F1FA94321836980A00324401 /* items.png in Resources */ = {isa = PBXBuildFile; fileRef = F1FA94211836980A00324401 /* items.png */; };
		F1FA94351836980A00324401 /* perks.png in Resources */ = {isa = PBXBuildFile; fileRef = F1FA94241836980A00324401 /* perks.png */; };
		F1FA94381836980A00324401 /* tileset.png in Resources */ = {isa = PBXBuildFile; fileRef = F1FA94271836980A00324401 /* tileset.png */; };
		F1FA94391836980A00324401 /* tileset_12_31.png in Resources */ = {isa = PBXBuildFile; fileRef = F1FA94281836980A00324401 /* tileset_12_31.png */; };
		F1FFC584182C1929008ACBB0 /* Foundation.framework in Frameworks */ = {isa = PBXBuildFile; fileRef = F1FFC583182C1929008ACBB0 /* Foundation.framework */; };
		F1FFC586182C1929008ACBB0 /* CoreGraphics.framework in Frameworks */ = {isa = PBXBuildFile; fileRef = F1FFC585182C1929008ACBB0 /* CoreGraphics.framework */; };
		F1FFC588182C1929008ACBB0 /* UIKit.framework in Frameworks */ = {isa = PBXBuildFile; fileRef = F1FFC587182C1929008ACBB0 /* UIKit.framework */; };
		F1FFC58E182C1929008ACBB0 /* InfoPlist.strings in Resources */ = {isa = PBXBuildFile; fileRef = F1FFC58C182C1929008ACBB0 /* InfoPlist.strings */; };
		F1FFC590182C1929008ACBB0 /* main.m in Sources */ = {isa = PBXBuildFile; fileRef = F1FFC58F182C1929008ACBB0 /* main.m */; };
		F1FFC594182C1929008ACBB0 /* BomberAppDelegate.m in Sources */ = {isa = PBXBuildFile; fileRef = F1FFC593182C1929008ACBB0 /* BomberAppDelegate.m */; };
		F1FFC597182C1929008ACBB0 /* Main_iPhone.storyboard in Resources */ = {isa = PBXBuildFile; fileRef = F1FFC595182C1929008ACBB0 /* Main_iPhone.storyboard */; };
		F1FFC59A182C1929008ACBB0 /* Main_iPad.storyboard in Resources */ = {isa = PBXBuildFile; fileRef = F1FFC598182C1929008ACBB0 /* Main_iPad.storyboard */; };
		F1FFC59D182C1929008ACBB0 /* BomberViewController.m in Sources */ = {isa = PBXBuildFile; fileRef = F1FFC59C182C1929008ACBB0 /* BomberViewController.m */; };
		F1FFC59F182C1929008ACBB0 /* Images.xcassets in Resources */ = {isa = PBXBuildFile; fileRef = F1FFC59E182C1929008ACBB0 /* Images.xcassets */; };
		F1FFC5A6182C1929008ACBB0 /* XCTest.framework in Frameworks */ = {isa = PBXBuildFile; fileRef = F1FFC5A5182C1929008ACBB0 /* XCTest.framework */; };
		F1FFC5A7182C1929008ACBB0 /* Foundation.framework in Frameworks */ = {isa = PBXBuildFile; fileRef = F1FFC583182C1929008ACBB0 /* Foundation.framework */; };
		F1FFC5A8182C1929008ACBB0 /* UIKit.framework in Frameworks */ = {isa = PBXBuildFile; fileRef = F1FFC587182C1929008ACBB0 /* UIKit.framework */; };
		F1FFC5B0182C1929008ACBB0 /* InfoPlist.strings in Resources */ = {isa = PBXBuildFile; fileRef = F1FFC5AE182C1929008ACBB0 /* InfoPlist.strings */; };
		F1FFC5B2182C1929008ACBB0 /* BomberTests.m in Sources */ = {isa = PBXBuildFile; fileRef = F1FFC5B1182C1929008ACBB0 /* BomberTests.m */; };
		F1FFC5BD182C195F008ACBB0 /* BomberFunView.m in Sources */ = {isa = PBXBuildFile; fileRef = F1FFC5BC182C195F008ACBB0 /* BomberFunView.m */; };
/* End PBXBuildFile section */

/* Begin PBXContainerItemProxy section */
		F1FFC5A9182C1929008ACBB0 /* PBXContainerItemProxy */ = {
			isa = PBXContainerItemProxy;
			containerPortal = F1FFC578182C1929008ACBB0 /* Project object */;
			proxyType = 1;
			remoteGlobalIDString = F1FFC57F182C1929008ACBB0;
			remoteInfo = Bomber;
		};
/* End PBXContainerItemProxy section */

/* Begin PBXFileReference section */
		E1A74510183E027300040D89 /* hamster_48x48_3.png */ = {isa = PBXFileReference; lastKnownFileType = image.png; path = hamster_48x48_3.png; sourceTree = "<group>"; };
		E1A74511183E027300040D89 /* hamster_48x48_4.png */ = {isa = PBXFileReference; lastKnownFileType = image.png; path = hamster_48x48_4.png; sourceTree = "<group>"; };
		E1A74512183E027300040D89 /* items_.png */ = {isa = PBXFileReference; lastKnownFileType = image.png; path = items_.png; sourceTree = "<group>"; };
		E1A74514183E027300040D89 /* mario_rpg.png */ = {isa = PBXFileReference; lastKnownFileType = image.png; path = mario_rpg.png; sourceTree = "<group>"; };
		E1A74516183E027300040D89 /* splash.png */ = {isa = PBXFileReference; lastKnownFileType = image.png; path = splash.png; sourceTree = "<group>"; };
		E1A74517183E027300040D89 /* vtulka_64x64.png */ = {isa = PBXFileReference; lastKnownFileType = image.png; path = vtulka_64x64.png; sourceTree = "<group>"; };
		E1A74518183E027300040D89 /* zombie1.png */ = {isa = PBXFileReference; lastKnownFileType = image.png; path = zombie1.png; sourceTree = "<group>"; };
		E1AD3D0B183D37EE00B8B6A8 /* Resource.h */ = {isa = PBXFileReference; fileEncoding = 4; lastKnownFileType = sourcecode.c.h; path = Resource.h; sourceTree = "<group>"; };
		E1AD3D0C183D37EE00B8B6A8 /* Resource.m */ = {isa = PBXFileReference; fileEncoding = 4; lastKnownFileType = sourcecode.c.objc; path = Resource.m; sourceTree = "<group>"; };
		E1FA8FDF183CC9CE005C7D36 /* bomb_32x32_2.png */ = {isa = PBXFileReference; lastKnownFileType = image.png; path = bomb_32x32_2.png; sourceTree = "<group>"; };
		F107AA87183BA0810000B911 /* Bomber.h */ = {isa = PBXFileReference; lastKnownFileType = sourcecode.c.h; path = Bomber.h; sourceTree = "<group>"; };
		F107AA8C183BA6610000B911 /* Kernel.h */ = {isa = PBXFileReference; fileEncoding = 4; lastKnownFileType = sourcecode.c.h; path = Kernel.h; sourceTree = "<group>"; };
		F107AA8D183BA6610000B911 /* Kernel.m */ = {isa = PBXFileReference; fileEncoding = 4; lastKnownFileType = sourcecode.c.objc; path = Kernel.m; sourceTree = "<group>"; };
		F107AA8F183BADD20000B911 /* Control.h */ = {isa = PBXFileReference; fileEncoding = 4; lastKnownFileType = sourcecode.c.h; path = Control.h; sourceTree = "<group>"; };
		F107AA90183BADD20000B911 /* Control.m */ = {isa = PBXFileReference; fileEncoding = 4; lastKnownFileType = sourcecode.c.objc; path = Control.m; sourceTree = "<group>"; };
		F107AA95183BB12A0000B911 /* Player.h */ = {isa = PBXFileReference; fileEncoding = 4; lastKnownFileType = sourcecode.c.h; path = Player.h; sourceTree = "<group>"; };
		F107AA96183BB12A0000B911 /* Player.m */ = {isa = PBXFileReference; fileEncoding = 4; lastKnownFileType = sourcecode.c.objc; path = Player.m; sourceTree = "<group>"; };
		F107AA98183BBED30000B911 /* Box.h */ = {isa = PBXFileReference; fileEncoding = 4; lastKnownFileType = sourcecode.c.h; path = Box.h; sourceTree = "<group>"; };
		F107AA99183BBED30000B911 /* Box.m */ = {isa = PBXFileReference; fileEncoding = 4; lastKnownFileType = sourcecode.c.objc; path = Box.m; sourceTree = "<group>"; };
		F111FE4A183CC70E003A1AC7 /* Bomb.h */ = {isa = PBXFileReference; fileEncoding = 4; lastKnownFileType = sourcecode.c.h; path = Bomb.h; sourceTree = "<group>"; };
		F111FE4B183CC70E003A1AC7 /* Bomb.m */ = {isa = PBXFileReference; fileEncoding = 4; lastKnownFileType = sourcecode.c.objc; path = Bomb.m; sourceTree = "<group>"; };
		F111FE4C183CC70E003A1AC7 /* MapData.h */ = {isa = PBXFileReference; fileEncoding = 4; lastKnownFileType = sourcecode.c.h; path = MapData.h; sourceTree = "<group>"; };
		F111FE4D183CC70E003A1AC7 /* MapData.m */ = {isa = PBXFileReference; fileEncoding = 4; lastKnownFileType = sourcecode.c.objc; path = MapData.m; sourceTree = "<group>"; };
		F1FA94181836980900324401 /* atlas5.png */ = {isa = PBXFileReference; lastKnownFileType = image.png; path = atlas5.png; sourceTree = "<group>"; };
		F1FA94191836980900324401 /* blast.png */ = {isa = PBXFileReference; lastKnownFileType = image.png; path = blast.png; sourceTree = "<group>"; };
		F1FA941B1836980A00324401 /* character_crawling.png */ = {isa = PBXFileReference; lastKnownFileType = image.png; path = character_crawling.png; sourceTree = "<group>"; };
		F1FA941C1836980A00324401 /* character_flying.png */ = {isa = PBXFileReference; lastKnownFileType = image.png; path = character_flying.png; sourceTree = "<group>"; };
		F1FA941D1836980A00324401 /* character_gold.png */ = {isa = PBXFileReference; lastKnownFileType = image.png; path = character_gold.png; sourceTree = "<group>"; };
		F1FA941E1836980A00324401 /* character_jetpack.png */ = {isa = PBXFileReference; lastKnownFileType = image.png; path = character_jetpack.png; sourceTree = "<group>"; };
		F1FA941F1836980A00324401 /* character_silver.png */ = {isa = PBXFileReference; lastKnownFileType = image.png; path = character_silver.png; sourceTree = "<group>"; };
		F1FA94201836980A00324401 /* explosion.png */ = {isa = PBXFileReference; lastKnownFileType = image.png; path = explosion.png; sourceTree = "<group>"; };
		F1FA94211836980A00324401 /* items.png */ = {isa = PBXFileReference; lastKnownFileType = image.png; path = items.png; sourceTree = "<group>"; };
		F1FA94241836980A00324401 /* perks.png */ = {isa = PBXFileReference; lastKnownFileType = image.png; path = perks.png; sourceTree = "<group>"; };
		F1FA94271836980A00324401 /* tileset.png */ = {isa = PBXFileReference; lastKnownFileType = image.png; path = tileset.png; sourceTree = "<group>"; };
		F1FA94281836980A00324401 /* tileset_12_31.png */ = {isa = PBXFileReference; lastKnownFileType = image.png; path = tileset_12_31.png; sourceTree = "<group>"; };
		F1FFC580182C1929008ACBB0 /* Bomber.app */ = {isa = PBXFileReference; explicitFileType = wrapper.application; includeInIndex = 0; path = Bomber.app; sourceTree = BUILT_PRODUCTS_DIR; };
		F1FFC583182C1929008ACBB0 /* Foundation.framework */ = {isa = PBXFileReference; lastKnownFileType = wrapper.framework; name = Foundation.framework; path = System/Library/Frameworks/Foundation.framework; sourceTree = SDKROOT; };
		F1FFC585182C1929008ACBB0 /* CoreGraphics.framework */ = {isa = PBXFileReference; lastKnownFileType = wrapper.framework; name = CoreGraphics.framework; path = System/Library/Frameworks/CoreGraphics.framework; sourceTree = SDKROOT; };
		F1FFC587182C1929008ACBB0 /* UIKit.framework */ = {isa = PBXFileReference; lastKnownFileType = wrapper.framework; name = UIKit.framework; path = System/Library/Frameworks/UIKit.framework; sourceTree = SDKROOT; };
		F1FFC58B182C1929008ACBB0 /* Bomber-Info.plist */ = {isa = PBXFileReference; lastKnownFileType = text.plist.xml; path = "Bomber-Info.plist"; sourceTree = "<group>"; };
		F1FFC58D182C1929008ACBB0 /* en */ = {isa = PBXFileReference; lastKnownFileType = text.plist.strings; name = en; path = en.lproj/InfoPlist.strings; sourceTree = "<group>"; };
		F1FFC58F182C1929008ACBB0 /* main.m */ = {isa = PBXFileReference; lastKnownFileType = sourcecode.c.objc; path = main.m; sourceTree = "<group>"; };
		F1FFC591182C1929008ACBB0 /* Bomber-Prefix.pch */ = {isa = PBXFileReference; lastKnownFileType = sourcecode.c.h; path = "Bomber-Prefix.pch"; sourceTree = "<group>"; };
		F1FFC592182C1929008ACBB0 /* BomberAppDelegate.h */ = {isa = PBXFileReference; lastKnownFileType = sourcecode.c.h; path = BomberAppDelegate.h; sourceTree = "<group>"; };
		F1FFC593182C1929008ACBB0 /* BomberAppDelegate.m */ = {isa = PBXFileReference; lastKnownFileType = sourcecode.c.objc; path = BomberAppDelegate.m; sourceTree = "<group>"; };
		F1FFC596182C1929008ACBB0 /* Base */ = {isa = PBXFileReference; lastKnownFileType = file.storyboard; name = Base; path = Base.lproj/Main_iPhone.storyboard; sourceTree = "<group>"; };
		F1FFC599182C1929008ACBB0 /* Base */ = {isa = PBXFileReference; lastKnownFileType = file.storyboard; name = Base; path = Base.lproj/Main_iPad.storyboard; sourceTree = "<group>"; };
		F1FFC59B182C1929008ACBB0 /* BomberViewController.h */ = {isa = PBXFileReference; lastKnownFileType = sourcecode.c.h; path = BomberViewController.h; sourceTree = "<group>"; };
		F1FFC59C182C1929008ACBB0 /* BomberViewController.m */ = {isa = PBXFileReference; lastKnownFileType = sourcecode.c.objc; path = BomberViewController.m; sourceTree = "<group>"; };
		F1FFC59E182C1929008ACBB0 /* Images.xcassets */ = {isa = PBXFileReference; lastKnownFileType = folder.assetcatalog; path = Images.xcassets; sourceTree = "<group>"; };
		F1FFC5A4182C1929008ACBB0 /* BomberTests.xctest */ = {isa = PBXFileReference; explicitFileType = wrapper.cfbundle; includeInIndex = 0; path = BomberTests.xctest; sourceTree = BUILT_PRODUCTS_DIR; };
		F1FFC5A5182C1929008ACBB0 /* XCTest.framework */ = {isa = PBXFileReference; lastKnownFileType = wrapper.framework; name = XCTest.framework; path = Library/Frameworks/XCTest.framework; sourceTree = DEVELOPER_DIR; };
		F1FFC5AD182C1929008ACBB0 /* BomberTests-Info.plist */ = {isa = PBXFileReference; lastKnownFileType = text.plist.xml; path = "BomberTests-Info.plist"; sourceTree = "<group>"; };
		F1FFC5AF182C1929008ACBB0 /* en */ = {isa = PBXFileReference; lastKnownFileType = text.plist.strings; name = en; path = en.lproj/InfoPlist.strings; sourceTree = "<group>"; };
		F1FFC5B1182C1929008ACBB0 /* BomberTests.m */ = {isa = PBXFileReference; lastKnownFileType = sourcecode.c.objc; path = BomberTests.m; sourceTree = "<group>"; };
		F1FFC5BB182C195F008ACBB0 /* BomberFunView.h */ = {isa = PBXFileReference; fileEncoding = 4; lastKnownFileType = sourcecode.c.h; path = BomberFunView.h; sourceTree = "<group>"; };
		F1FFC5BC182C195F008ACBB0 /* BomberFunView.m */ = {isa = PBXFileReference; fileEncoding = 4; lastKnownFileType = sourcecode.c.objc; path = BomberFunView.m; sourceTree = "<group>"; };
/* End PBXFileReference section */

/* Begin PBXFrameworksBuildPhase section */
		F1FFC57D182C1929008ACBB0 /* Frameworks */ = {
			isa = PBXFrameworksBuildPhase;
			buildActionMask = 2147483647;
			files = (
				F1FFC586182C1929008ACBB0 /* CoreGraphics.framework in Frameworks */,
				F1FFC588182C1929008ACBB0 /* UIKit.framework in Frameworks */,
				F1FFC584182C1929008ACBB0 /* Foundation.framework in Frameworks */,
			);
			runOnlyForDeploymentPostprocessing = 0;
		};
		F1FFC5A1182C1929008ACBB0 /* Frameworks */ = {
			isa = PBXFrameworksBuildPhase;
			buildActionMask = 2147483647;
			files = (
				F1FFC5A6182C1929008ACBB0 /* XCTest.framework in Frameworks */,
				F1FFC5A8182C1929008ACBB0 /* UIKit.framework in Frameworks */,
				F1FFC5A7182C1929008ACBB0 /* Foundation.framework in Frameworks */,
			);
			runOnlyForDeploymentPostprocessing = 0;
		};
/* End PBXFrameworksBuildPhase section */

/* Begin PBXGroup section */
		F1FA94171836980900324401 /* Bomber_img */ = {
			isa = PBXGroup;
			children = (
				E1A74510183E027300040D89 /* hamster_48x48_3.png */,
				E1A74511183E027300040D89 /* hamster_48x48_4.png */,
				E1A74512183E027300040D89 /* items_.png */,
				E1A74514183E027300040D89 /* mario_rpg.png */,
				E1A74516183E027300040D89 /* splash.png */,
				E1A74517183E027300040D89 /* vtulka_64x64.png */,
				E1A74518183E027300040D89 /* zombie1.png */,
				E1FA8FDF183CC9CE005C7D36 /* bomb_32x32_2.png */,
				F1FA94181836980900324401 /* atlas5.png */,
				F1FA94191836980900324401 /* blast.png */,
				F1FA941B1836980A00324401 /* character_crawling.png */,
				F1FA941C1836980A00324401 /* character_flying.png */,
				F1FA941D1836980A00324401 /* character_gold.png */,
				F1FA941E1836980A00324401 /* character_jetpack.png */,
				F1FA941F1836980A00324401 /* character_silver.png */,
				F1FA94201836980A00324401 /* explosion.png */,
				F1FA94211836980A00324401 /* items.png */,
				F1FA94241836980A00324401 /* perks.png */,
				F1FA94271836980A00324401 /* tileset.png */,
				F1FA94281836980A00324401 /* tileset_12_31.png */,
			);
			path = Bomber_img;
			sourceTree = SOURCE_ROOT;
		};
		F1FFC577182C1929008ACBB0 = {
			isa = PBXGroup;
			children = (
				F1FFC589182C1929008ACBB0 /* Bomber */,
				F1FFC5AB182C1929008ACBB0 /* BomberTests */,
				F1FFC582182C1929008ACBB0 /* Frameworks */,
				F1FFC581182C1929008ACBB0 /* Products */,
			);
			sourceTree = "<group>";
		};
		F1FFC581182C1929008ACBB0 /* Products */ = {
			isa = PBXGroup;
			children = (
				F1FFC580182C1929008ACBB0 /* Bomber.app */,
				F1FFC5A4182C1929008ACBB0 /* BomberTests.xctest */,
			);
			name = Products;
			sourceTree = "<group>";
		};
		F1FFC582182C1929008ACBB0 /* Frameworks */ = {
			isa = PBXGroup;
			children = (
				F1FFC583182C1929008ACBB0 /* Foundation.framework */,
				F1FFC585182C1929008ACBB0 /* CoreGraphics.framework */,
				F1FFC587182C1929008ACBB0 /* UIKit.framework */,
				F1FFC5A5182C1929008ACBB0 /* XCTest.framework */,
			);
			name = Frameworks;
			sourceTree = "<group>";
		};
		F1FFC589182C1929008ACBB0 /* Bomber */ = {
			isa = PBXGroup;
			children = (
				F1FA94171836980900324401 /* Bomber_img */,
				F1FFC592182C1929008ACBB0 /* BomberAppDelegate.h */,
				F1FFC593182C1929008ACBB0 /* BomberAppDelegate.m */,
				F1FFC595182C1929008ACBB0 /* Main_iPhone.storyboard */,
				F1FFC59C182C1929008ACBB0 /* BomberViewController.m */,
				F1FFC598182C1929008ACBB0 /* Main_iPad.storyboard */,
				F1FFC59B182C1929008ACBB0 /* BomberViewController.h */,
				F1FFC59E182C1929008ACBB0 /* Images.xcassets */,
				F1FFC58A182C1929008ACBB0 /* Supporting Files */,
				F1FFC5BB182C195F008ACBB0 /* BomberFunView.h */,
				F1FFC5BC182C195F008ACBB0 /* BomberFunView.m */,
				F107AA87183BA0810000B911 /* Bomber.h */,
				F107AA8C183BA6610000B911 /* Kernel.h */,
				F107AA8D183BA6610000B911 /* Kernel.m */,
				F111FE4A183CC70E003A1AC7 /* Bomb.h */,
				F111FE4B183CC70E003A1AC7 /* Bomb.m */,
				F111FE4C183CC70E003A1AC7 /* MapData.h */,
				F111FE4D183CC70E003A1AC7 /* MapData.m */,
				F107AA8F183BADD20000B911 /* Control.h */,
				F107AA90183BADD20000B911 /* Control.m */,
				F107AA95183BB12A0000B911 /* Player.h */,
				F107AA96183BB12A0000B911 /* Player.m */,
				F107AA98183BBED30000B911 /* Box.h */,
				F107AA99183BBED30000B911 /* Box.m */,
				E1AD3D0B183D37EE00B8B6A8 /* Resource.h */,
				E1AD3D0C183D37EE00B8B6A8 /* Resource.m */,
			);
			path = Bomber;
			sourceTree = "<group>";
		};
		F1FFC58A182C1929008ACBB0 /* Supporting Files */ = {
			isa = PBXGroup;
			children = (
				F1FFC58B182C1929008ACBB0 /* Bomber-Info.plist */,
				F1FFC58C182C1929008ACBB0 /* InfoPlist.strings */,
				F1FFC58F182C1929008ACBB0 /* main.m */,
				F1FFC591182C1929008ACBB0 /* Bomber-Prefix.pch */,
			);
			name = "Supporting Files";
			sourceTree = "<group>";
		};
		F1FFC5AB182C1929008ACBB0 /* BomberTests */ = {
			isa = PBXGroup;
			children = (
				F1FFC5B1182C1929008ACBB0 /* BomberTests.m */,
				F1FFC5AC182C1929008ACBB0 /* Supporting Files */,
			);
			path = BomberTests;
			sourceTree = "<group>";
		};
		F1FFC5AC182C1929008ACBB0 /* Supporting Files */ = {
			isa = PBXGroup;
			children = (
				F1FFC5AD182C1929008ACBB0 /* BomberTests-Info.plist */,
				F1FFC5AE182C1929008ACBB0 /* InfoPlist.strings */,
			);
			name = "Supporting Files";
			sourceTree = "<group>";
		};
/* End PBXGroup section */

/* Begin PBXNativeTarget section */
		F1FFC57F182C1929008ACBB0 /* Bomber */ = {
			isa = PBXNativeTarget;
			buildConfigurationList = F1FFC5B5182C1929008ACBB0 /* Build configuration list for PBXNativeTarget "Bomber" */;
			buildPhases = (
				F1FFC57C182C1929008ACBB0 /* Sources */,
				F1FFC57D182C1929008ACBB0 /* Frameworks */,
				F1FFC57E182C1929008ACBB0 /* Resources */,
			);
			buildRules = (
			);
			dependencies = (
			);
			name = Bomber;
			productName = Bomber;
			productReference = F1FFC580182C1929008ACBB0 /* Bomber.app */;
			productType = "com.apple.product-type.application";
		};
		F1FFC5A3182C1929008ACBB0 /* BomberTests */ = {
			isa = PBXNativeTarget;
			buildConfigurationList = F1FFC5B8182C1929008ACBB0 /* Build configuration list for PBXNativeTarget "BomberTests" */;
			buildPhases = (
				F1FFC5A0182C1929008ACBB0 /* Sources */,
				F1FFC5A1182C1929008ACBB0 /* Frameworks */,
				F1FFC5A2182C1929008ACBB0 /* Resources */,
			);
			buildRules = (
			);
			dependencies = (
				F1FFC5AA182C1929008ACBB0 /* PBXTargetDependency */,
			);
			name = BomberTests;
			productName = BomberTests;
			productReference = F1FFC5A4182C1929008ACBB0 /* BomberTests.xctest */;
			productType = "com.apple.product-type.bundle.unit-test";
		};
/* End PBXNativeTarget section */

/* Begin PBXProject section */
		F1FFC578182C1929008ACBB0 /* Project object */ = {
			isa = PBXProject;
			attributes = {
				CLASSPREFIX = Bomber;
				LastUpgradeCheck = 0500;
				ORGANIZATIONNAME = CYCU;
				TargetAttributes = {
					F1FFC5A3182C1929008ACBB0 = {
						TestTargetID = F1FFC57F182C1929008ACBB0;
					};
				};
			};
			buildConfigurationList = F1FFC57B182C1929008ACBB0 /* Build configuration list for PBXProject "Bomber" */;
			compatibilityVersion = "Xcode 3.2";
			developmentRegion = English;
			hasScannedForEncodings = 0;
			knownRegions = (
				en,
				Base,
			);
			mainGroup = F1FFC577182C1929008ACBB0;
			productRefGroup = F1FFC581182C1929008ACBB0 /* Products */;
			projectDirPath = "";
			projectRoot = "";
			targets = (
				F1FFC57F182C1929008ACBB0 /* Bomber */,
				F1FFC5A3182C1929008ACBB0 /* BomberTests */,
			);
		};
/* End PBXProject section */

/* Begin PBXResourcesBuildPhase section */
		F1FFC57E182C1929008ACBB0 /* Resources */ = {
			isa = PBXResourcesBuildPhase;
			buildActionMask = 2147483647;
			files = (
				F1FFC59A182C1929008ACBB0 /* Main_iPad.storyboard in Resources */,
				F1FA94391836980A00324401 /* tileset_12_31.png in Resources */,
				E1A7451B183E027300040D89 /* items_.png in Resources */,
				F1FA94291836980A00324401 /* atlas5.png in Resources */,
				F1FA942A1836980A00324401 /* blast.png in Resources */,
				E1A7451D183E027300040D89 /* mario_rpg.png in Resources */,
				F1FFC59F182C1929008ACBB0 /* Images.xcassets in Resources */,
				E1A74519183E027300040D89 /* hamster_48x48_3.png in Resources */,
				F1FFC597182C1929008ACBB0 /* Main_iPhone.storyboard in Resources */,
				F1FA942C1836980A00324401 /* character_crawling.png in Resources */,
				F1FA942E1836980A00324401 /* character_gold.png in Resources */,
				F1FA94381836980A00324401 /* tileset.png in Resources */,
				E1A7451A183E027300040D89 /* hamster_48x48_4.png in Resources */,
				F1FA94311836980A00324401 /* explosion.png in Resources */,
				F1FA94351836980A00324401 /* perks.png in Resources */,
				E1A7451F183E027300040D89 /* splash.png in Resources */,
				F1FA942D1836980A00324401 /* character_flying.png in Resources */,
				F1FA942F1836980A00324401 /* character_jetpack.png in Resources */,
				F1FA94301836980A00324401 /* character_silver.png in Resources */,
				E1FA8FE0183CC9CE005C7D36 /* bomb_32x32_2.png in Resources */,
				F1FA94321836980A00324401 /* items.png in Resources */,
				E1A74520183E027300040D89 /* vtulka_64x64.png in Resources */,
				F1FFC58E182C1929008ACBB0 /* InfoPlist.strings in Resources */,
				E1A74521183E027300040D89 /* zombie1.png in Resources */,
			);
			runOnlyForDeploymentPostprocessing = 0;
		};
		F1FFC5A2182C1929008ACBB0 /* Resources */ = {
			isa = PBXResourcesBuildPhase;
			buildActionMask = 2147483647;
			files = (
				F1FFC5B0182C1929008ACBB0 /* InfoPlist.strings in Resources */,
			);
			runOnlyForDeploymentPostprocessing = 0;
		};
/* End PBXResourcesBuildPhase section */

/* Begin PBXSourcesBuildPhase section */
		F1FFC57C182C1929008ACBB0 /* Sources */ = {
			isa = PBXSourcesBuildPhase;
			buildActionMask = 2147483647;
			files = (
				F1FFC590182C1929008ACBB0 /* main.m in Sources */,
				E1AD3D0D183D37EE00B8B6A8 /* Resource.m in Sources */,
				F107AA9A183BBED30000B911 /* Box.m in Sources */,
				F107AA91183BADD20000B911 /* Control.m in Sources */,
				F107AA8E183BA6610000B911 /* Kernel.m in Sources */,
				F1FFC5BD182C195F008ACBB0 /* BomberFunView.m in Sources */,
				F111FE4E183CC70E003A1AC7 /* Bomb.m in Sources */,
				F111FE4F183CC70E003A1AC7 /* MapData.m in Sources */,
				F1FFC594182C1929008ACBB0 /* BomberAppDelegate.m in Sources */,
				F107AA97183BB12A0000B911 /* Player.m in Sources */,
				F1FFC59D182C1929008ACBB0 /* BomberViewController.m in Sources */,
			);
			runOnlyForDeploymentPostprocessing = 0;
		};
		F1FFC5A0182C1929008ACBB0 /* Sources */ = {
			isa = PBXSourcesBuildPhase;
			buildActionMask = 2147483647;
			files = (
				F1FFC5B2182C1929008ACBB0 /* BomberTests.m in Sources */,
			);
			runOnlyForDeploymentPostprocessing = 0;
		};
/* End PBXSourcesBuildPhase section */

/* Begin PBXTargetDependency section */
		F1FFC5AA182C1929008ACBB0 /* PBXTargetDependency */ = {
			isa = PBXTargetDependency;
			target = F1FFC57F182C1929008ACBB0 /* Bomber */;
			targetProxy = F1FFC5A9182C1929008ACBB0 /* PBXContainerItemProxy */;
		};
/* End PBXTargetDependency section */

/* Begin PBXVariantGroup section */
		F1FFC58C182C1929008ACBB0 /* InfoPlist.strings */ = {
			isa = PBXVariantGroup;
			children = (
				F1FFC58D182C1929008ACBB0 /* en */,
			);
			name = InfoPlist.strings;
			sourceTree = "<group>";
		};
		F1FFC595182C1929008ACBB0 /* Main_iPhone.storyboard */ = {
			isa = PBXVariantGroup;
			children = (
				F1FFC596182C1929008ACBB0 /* Base */,
			);
			name = Main_iPhone.storyboard;
			sourceTree = "<group>";
		};
		F1FFC598182C1929008ACBB0 /* Main_iPad.storyboard */ = {
			isa = PBXVariantGroup;
			children = (
				F1FFC599182C1929008ACBB0 /* Base */,
			);
			name = Main_iPad.storyboard;
			sourceTree = "<group>";
		};
		F1FFC5AE182C1929008ACBB0 /* InfoPlist.strings */ = {
			isa = PBXVariantGroup;
			children = (
				F1FFC5AF182C1929008ACBB0 /* en */,
			);
			name = InfoPlist.strings;
			sourceTree = "<group>";
		};
/* End PBXVariantGroup section */

/* Begin XCBuildConfiguration section */
		F1FFC5B3182C1929008ACBB0 /* Debug */ = {
			isa = XCBuildConfiguration;
			buildSettings = {
				ALWAYS_SEARCH_USER_PATHS = NO;
				ARCHS = "$(ARCHS_STANDARD_INCLUDING_64_BIT)";
				CLANG_CXX_LANGUAGE_STANDARD = "gnu++0x";
				CLANG_CXX_LIBRARY = "libc++";
				CLANG_ENABLE_MODULES = YES;
				CLANG_ENABLE_OBJC_ARC = YES;
				CLANG_WARN_BOOL_CONVERSION = YES;
				CLANG_WARN_CONSTANT_CONVERSION = YES;
				CLANG_WARN_DIRECT_OBJC_ISA_USAGE = YES_ERROR;
				CLANG_WARN_EMPTY_BODY = YES;
				CLANG_WARN_ENUM_CONVERSION = YES;
				CLANG_WARN_INT_CONVERSION = YES;
				CLANG_WARN_OBJC_ROOT_CLASS = YES_ERROR;
				CLANG_WARN__DUPLICATE_METHOD_MATCH = YES;
				"CODE_SIGN_IDENTITY[sdk=iphoneos*]" = "iPhone Developer";
				COPY_PHASE_STRIP = NO;
				GCC_C_LANGUAGE_STANDARD = gnu99;
				GCC_DYNAMIC_NO_PIC = NO;
				GCC_OPTIMIZATION_LEVEL = 0;
				GCC_PREPROCESSOR_DEFINITIONS = (
					"DEBUG=1",
					"$(inherited)",
				);
				GCC_SYMBOLS_PRIVATE_EXTERN = NO;
				GCC_WARN_64_TO_32_BIT_CONVERSION = YES;
				GCC_WARN_ABOUT_RETURN_TYPE = YES_ERROR;
				GCC_WARN_UNDECLARED_SELECTOR = YES;
				GCC_WARN_UNINITIALIZED_AUTOS = YES;
				GCC_WARN_UNUSED_FUNCTION = YES;
				GCC_WARN_UNUSED_VARIABLE = YES;
				IPHONEOS_DEPLOYMENT_TARGET = 7.0;
				ONLY_ACTIVE_ARCH = YES;
				SDKROOT = iphoneos;
				TARGETED_DEVICE_FAMILY = "1,2";
			};
			name = Debug;
		};
		F1FFC5B4182C1929008ACBB0 /* Release */ = {
			isa = XCBuildConfiguration;
			buildSettings = {
				ALWAYS_SEARCH_USER_PATHS = NO;
				ARCHS = "$(ARCHS_STANDARD_INCLUDING_64_BIT)";
				CLANG_CXX_LANGUAGE_STANDARD = "gnu++0x";
				CLANG_CXX_LIBRARY = "libc++";
				CLANG_ENABLE_MODULES = YES;
				CLANG_ENABLE_OBJC_ARC = YES;
				CLANG_WARN_BOOL_CONVERSION = YES;
				CLANG_WARN_CONSTANT_CONVERSION = YES;
				CLANG_WARN_DIRECT_OBJC_ISA_USAGE = YES_ERROR;
				CLANG_WARN_EMPTY_BODY = YES;
				CLANG_WARN_ENUM_CONVERSION = YES;
				CLANG_WARN_INT_CONVERSION = YES;
				CLANG_WARN_OBJC_ROOT_CLASS = YES_ERROR;
				CLANG_WARN__DUPLICATE_METHOD_MATCH = YES;
				"CODE_SIGN_IDENTITY[sdk=iphoneos*]" = "iPhone Developer";
				COPY_PHASE_STRIP = YES;
				ENABLE_NS_ASSERTIONS = NO;
				GCC_C_LANGUAGE_STANDARD = gnu99;
				GCC_WARN_64_TO_32_BIT_CONVERSION = YES;
				GCC_WARN_ABOUT_RETURN_TYPE = YES_ERROR;
				GCC_WARN_UNDECLARED_SELECTOR = YES;
				GCC_WARN_UNINITIALIZED_AUTOS = YES;
				GCC_WARN_UNUSED_FUNCTION = YES;
				GCC_WARN_UNUSED_VARIABLE = YES;
				IPHONEOS_DEPLOYMENT_TARGET = 7.0;
				SDKROOT = iphoneos;
				TARGETED_DEVICE_FAMILY = "1,2";
				VALIDATE_PRODUCT = YES;
			};
			name = Release;
		};
		F1FFC5B6182C1929008ACBB0 /* Debug */ = {
			isa = XCBuildConfiguration;
			buildSettings = {
				ASSETCATALOG_COMPILER_APPICON_NAME = AppIcon;
				ASSETCATALOG_COMPILER_LAUNCHIMAGE_NAME = LaunchImage;
				CODE_SIGN_IDENTITY = "iPhone Developer";
				GCC_PRECOMPILE_PREFIX_HEADER = YES;
				GCC_PREFIX_HEADER = "Bomber/Bomber-Prefix.pch";
				INFOPLIST_FILE = "Bomber/Bomber-Info.plist";
				IPHONEOS_DEPLOYMENT_TARGET = 6.1;
				PRODUCT_NAME = "$(TARGET_NAME)";
				WRAPPER_EXTENSION = app;
			};
			name = Debug;
		};
		F1FFC5B7182C1929008ACBB0 /* Release */ = {
			isa = XCBuildConfiguration;
			buildSettings = {
				ASSETCATALOG_COMPILER_APPICON_NAME = AppIcon;
				ASSETCATALOG_COMPILER_LAUNCHIMAGE_NAME = LaunchImage;
				CODE_SIGN_IDENTITY = "iPhone Developer";
				GCC_PRECOMPILE_PREFIX_HEADER = YES;
				GCC_PREFIX_HEADER = "Bomber/Bomber-Prefix.pch";
				INFOPLIST_FILE = "Bomber/Bomber-Info.plist";
				IPHONEOS_DEPLOYMENT_TARGET = 6.1;
				PRODUCT_NAME = "$(TARGET_NAME)";
				WRAPPER_EXTENSION = app;
			};
			name = Release;
		};
		F1FFC5B9182C1929008ACBB0 /* Debug */ = {
			isa = XCBuildConfiguration;
			buildSettings = {
				ARCHS = "$(ARCHS_STANDARD_INCLUDING_64_BIT)";
				BUNDLE_LOADER = "$(BUILT_PRODUCTS_DIR)/Bomber.app/Bomber";
				FRAMEWORK_SEARCH_PATHS = (
					"$(SDKROOT)/Developer/Library/Frameworks",
					"$(inherited)",
					"$(DEVELOPER_FRAMEWORKS_DIR)",
				);
				GCC_PRECOMPILE_PREFIX_HEADER = YES;
				GCC_PREFIX_HEADER = "Bomber/Bomber-Prefix.pch";
				GCC_PREPROCESSOR_DEFINITIONS = (
					"DEBUG=1",
					"$(inherited)",
				);
				INFOPLIST_FILE = "BomberTests/BomberTests-Info.plist";
				PRODUCT_NAME = "$(TARGET_NAME)";
				TEST_HOST = "$(BUNDLE_LOADER)";
				WRAPPER_EXTENSION = xctest;
			};
			name = Debug;
		};
		F1FFC5BA182C1929008ACBB0 /* Release */ = {
			isa = XCBuildConfiguration;
			buildSettings = {
				ARCHS = "$(ARCHS_STANDARD_INCLUDING_64_BIT)";
				BUNDLE_LOADER = "$(BUILT_PRODUCTS_DIR)/Bomber.app/Bomber";
				FRAMEWORK_SEARCH_PATHS = (
					"$(SDKROOT)/Developer/Library/Frameworks",
					"$(inherited)",
					"$(DEVELOPER_FRAMEWORKS_DIR)",
				);
				GCC_PRECOMPILE_PREFIX_HEADER = YES;
				GCC_PREFIX_HEADER = "Bomber/Bomber-Prefix.pch";
				INFOPLIST_FILE = "BomberTests/BomberTests-Info.plist";
				PRODUCT_NAME = "$(TARGET_NAME)";
				TEST_HOST = "$(BUNDLE_LOADER)";
				WRAPPER_EXTENSION = xctest;
			};
			name = Release;
		};
/* End XCBuildConfiguration section */

/* Begin XCConfigurationList section */
		F1FFC57B182C1929008ACBB0 /* Build configuration list for PBXProject "Bomber" */ = {
			isa = XCConfigurationList;
			buildConfigurations = (
				F1FFC5B3182C1929008ACBB0 /* Debug */,
				F1FFC5B4182C1929008ACBB0 /* Release */,
			);
			defaultConfigurationIsVisible = 0;
			defaultConfigurationName = Release;
		};
		F1FFC5B5182C1929008ACBB0 /* Build configuration list for PBXNativeTarget "Bomber" */ = {
			isa = XCConfigurationList;
			buildConfigurations = (
				F1FFC5B6182C1929008ACBB0 /* Debug */,
				F1FFC5B7182C1929008ACBB0 /* Release */,
			);
			defaultConfigurationIsVisible = 0;
			defaultConfigurationName = Release;
		};
		F1FFC5B8182C1929008ACBB0 /* Build configuration list for PBXNativeTarget "BomberTests" */ = {
			isa = XCConfigurationList;
			buildConfigurations = (
				F1FFC5B9182C1929008ACBB0 /* Debug */,
				F1FFC5BA182C1929008ACBB0 /* Release */,
			);
			defaultConfigurationIsVisible = 0;
			defaultConfigurationName = Release;
		};
/* End XCConfigurationList section */
	};
	rootObject = F1FFC578182C1929008ACBB0 /* Project object */;
}
